// !$*UTF8*$!
{
	archiveVersion = 1;
	classes = {
	};
	objectVersion = 46;
	objects = {

/* Begin PBXBuildFile section */
		4A41360D2B7557920064FF39 /* imgui_impl_glfw.cpp in Sources */ = {isa = PBXBuildFile; fileRef = 4A4136092B7557920064FF39 /* imgui_impl_glfw.cpp */; };
		4A41360F2B7557920064FF39 /* imgui_impl_opengl3.cpp in Sources */ = {isa = PBXBuildFile; fileRef = 4A41360B2B7557920064FF39 /* imgui_impl_opengl3.cpp */; };
		4A41361C2B7557B70064FF39 /* imgui_tables.cpp in Sources */ = {isa = PBXBuildFile; fileRef = 4A4136102B7557B70064FF39 /* imgui_tables.cpp */; };
		4A41361D2B7557B70064FF39 /* imgui_draw.cpp in Sources */ = {isa = PBXBuildFile; fileRef = 4A4136132B7557B70064FF39 /* imgui_draw.cpp */; };
		4A41361E2B7557B70064FF39 /* imgui.cpp in Sources */ = {isa = PBXBuildFile; fileRef = 4A4136142B7557B70064FF39 /* imgui.cpp */; };
		4A41361F2B7557B70064FF39 /* imgui_widgets.cpp in Sources */ = {isa = PBXBuildFile; fileRef = 4A4136162B7557B70064FF39 /* imgui_widgets.cpp */; };
		4A4136202B7557B70064FF39 /* imgui_demo.cpp in Sources */ = {isa = PBXBuildFile; fileRef = 4A4136172B7557B70064FF39 /* imgui_demo.cpp */; };
		4A4136212B7557B70064FF39 /* LICENSE.txt in Resources */ = {isa = PBXBuildFile; fileRef = 4A41361B2B7557B70064FF39 /* LICENSE.txt */; };
		4A4136252B7558030064FF39 /* imgui_stdlib.cpp in Sources */ = {isa = PBXBuildFile; fileRef = 4A4136222B7558030064FF39 /* imgui_stdlib.cpp */; };
		4A4136262B7558030064FF39 /* README.txt in Resources */ = {isa = PBXBuildFile; fileRef = 4A4136232B7558030064FF39 /* README.txt */; };
		4A41362B2B7558470064FF39 /* imgui.natvis in Resources */ = {isa = PBXBuildFile; fileRef = 4A4136272B7558470064FF39 /* imgui.natvis */; };
		4A41362C2B7558470064FF39 /* imgui.natstepfilter in Resources */ = {isa = PBXBuildFile; fileRef = 4A4136282B7558470064FF39 /* imgui.natstepfilter */; };
		4A41362D2B7558470064FF39 /* imgui.gdb in Resources */ = {isa = PBXBuildFile; fileRef = 4A4136292B7558470064FF39 /* imgui.gdb */; };
		4A4136472B7558710064FF39 /* Roboto-Medium.ttf in Resources */ = {isa = PBXBuildFile; fileRef = 4A4136302B7558710064FF39 /* Roboto-Medium.ttf */; };
		4A4136482B7558710064FF39 /* DroidSans.ttf in Resources */ = {isa = PBXBuildFile; fileRef = 4A4136312B7558710064FF39 /* DroidSans.ttf */; };
		4A4136492B7558710064FF39 /* ProggyTiny.ttf in Resources */ = {isa = PBXBuildFile; fileRef = 4A4136322B7558710064FF39 /* ProggyTiny.ttf */; };
		4A41364A2B7558710064FF39 /* ProggyClean.ttf in Resources */ = {isa = PBXBuildFile; fileRef = 4A4136332B7558710064FF39 /* ProggyClean.ttf */; };
		4A41364B2B7558710064FF39 /* Cousine-Regular.ttf in Resources */ = {isa = PBXBuildFile; fileRef = 4A4136342B7558710064FF39 /* Cousine-Regular.ttf */; };
		4A41364C2B7558710064FF39 /* Karla-Regular.ttf in Resources */ = {isa = PBXBuildFile; fileRef = 4A4136352B7558710064FF39 /* Karla-Regular.ttf */; };
		4A41364E2B7558710064FF39 /* imgui.gdb in Resources */ = {isa = PBXBuildFile; fileRef = 4A4136382B7558710064FF39 /* imgui.gdb */; };
		4A41364F2B7558710064FF39 /* imgui.natstepfilter in Resources */ = {isa = PBXBuildFile; fileRef = 4A4136392B7558710064FF39 /* imgui.natstepfilter */; };
		4A4136512B7558710064FF39 /* imgui.natvis in Resources */ = {isa = PBXBuildFile; fileRef = 4A41363B2B7558710064FF39 /* imgui.natvis */; };
		4A4136532B7558710064FF39 /* imgui_stdlib.cpp in Sources */ = {isa = PBXBuildFile; fileRef = 4A41363F2B7558710064FF39 /* imgui_stdlib.cpp */; };
		5B5444E21F0BC72800A09B8D /* cocoa_joystick.m in Sources */ = {isa = PBXBuildFile; fileRef = 5B5444D31F0BC72800A09B8D /* cocoa_joystick.m */; };
		5B5444E31F0BC72800A09B8D /* cocoa_time.c in Sources */ = {isa = PBXBuildFile; fileRef = 5B5444D41F0BC72800A09B8D /* cocoa_time.c */; };
		5B5444E41F0BC72800A09B8D /* egl_context.c in Sources */ = {isa = PBXBuildFile; fileRef = 5B5444D51F0BC72800A09B8D /* egl_context.c */; };
		5B5444E51F0BC72800A09B8D /* osmesa_context.c in Sources */ = {isa = PBXBuildFile; fileRef = 5B5444D71F0BC72800A09B8D /* osmesa_context.c */; };
		5B5444E81F0BC72800A09B8D /* vulkan.c in Sources */ = {isa = PBXBuildFile; fileRef = 5B5444DD1F0BC72800A09B8D /* vulkan.c */; };
		5B5444F01F0BC88300A09B8D /* posix_thread.c in Sources */ = {isa = PBXBuildFile; fileRef = 5B5444EE1F0BC88300A09B8D /* posix_thread.c */; };
		5B9A66EA1F2F246600EF062C /* include in Resources */ = {isa = PBXBuildFile; fileRef = 5B9A66E91F2F246600EF062C /* include */; };
		5BD341471F2F293200608B7B /* libcurl.a in Frameworks */ = {isa = PBXBuildFile; fileRef = 5BD341461F2F293200608B7B /* libcurl.a */; };
		7C17EE5212BAD553007B72A6 /* stb_image.c in Sources */ = {isa = PBXBuildFile; fileRef = 7C17EE5112BAD553007B72A6 /* stb_image.c */; };
		7C83FECA15730D2B007D5B80 /* stb_vorbis.c in Sources */ = {isa = PBXBuildFile; fileRef = 7C83FEC915730D2B007D5B80 /* stb_vorbis.c */; };
		7C8AF373199985960016C22B /* CoreVideo.framework in Frameworks */ = {isa = PBXBuildFile; fileRef = 7C8AF372199985960016C22B /* CoreVideo.framework */; };
		7C8DB52F12AF2C210090FC6E /* OpenGL.framework in Frameworks */ = {isa = PBXBuildFile; fileRef = 7C8DB52E12AF2C210090FC6E /* OpenGL.framework */; };
		7CACF7FC12B5BBD4002E52F2 /* OpenAL.framework in Frameworks */ = {isa = PBXBuildFile; fileRef = 7CACF7FB12B5BBD4002E52F2 /* OpenAL.framework */; };
		7CACF8E812B5D1AF002E52F2 /* data in Resources */ = {isa = PBXBuildFile; fileRef = 7CACF8E612B5D1AF002E52F2 /* data */; };
		7CCA8A3F1B1A8672003926E3 /* main.mm in Sources */ = {isa = PBXBuildFile; fileRef = 7CCA8A3E1B1A8672003926E3 /* main.mm */; };
		7CD5046E165B1A60009581D7 /* external in Resources */ = {isa = PBXBuildFile; fileRef = 7CD5046C165B1A60009581D7 /* external */; };
		7CD5046F165B1A60009581D7 /* internal in Resources */ = {isa = PBXBuildFile; fileRef = 7CD5046D165B1A60009581D7 /* internal */; };
		7CDF25461602B81600B598F3 /* IOKit.framework in Frameworks */ = {isa = PBXBuildFile; fileRef = 7CDF25451602B81600B598F3 /* IOKit.framework */; };
		7CE1AA7B17E154F600D079FE /* cocoa_init.m in Sources */ = {isa = PBXBuildFile; fileRef = 7CE1AA6717E154F600D079FE /* cocoa_init.m */; };
		7CE1AA7D17E154F600D079FE /* cocoa_monitor.m in Sources */ = {isa = PBXBuildFile; fileRef = 7CE1AA6917E154F600D079FE /* cocoa_monitor.m */; };
		7CE1AA7F17E154F600D079FE /* cocoa_window.m in Sources */ = {isa = PBXBuildFile; fileRef = 7CE1AA6C17E154F600D079FE /* cocoa_window.m */; };
		7CE1AA8017E154F600D079FE /* context.c in Sources */ = {isa = PBXBuildFile; fileRef = 7CE1AA6E17E154F600D079FE /* context.c */; };
		7CE1AA8217E154F600D079FE /* init.c in Sources */ = {isa = PBXBuildFile; fileRef = 7CE1AA7017E154F600D079FE /* init.c */; };
		7CE1AA8317E154F600D079FE /* input.c in Sources */ = {isa = PBXBuildFile; fileRef = 7CE1AA7117E154F600D079FE /* input.c */; };
		7CE1AA8517E154F600D079FE /* monitor.c in Sources */ = {isa = PBXBuildFile; fileRef = 7CE1AA7417E154F600D079FE /* monitor.c */; };
		7CE1AA8617E154F600D079FE /* nsgl_context.m in Sources */ = {isa = PBXBuildFile; fileRef = 7CE1AA7517E154F600D079FE /* nsgl_context.m */; };
		7CE1AA8817E154F600D079FE /* window.c in Sources */ = {isa = PBXBuildFile; fileRef = 7CE1AA7817E154F600D079FE /* window.c */; };
		8D11072B0486CEB800E47090 /* InfoPlist.strings in Resources */ = {isa = PBXBuildFile; fileRef = 089C165CFE840E0CC02AAC07 /* InfoPlist.strings */; };
		8D11072F0486CEB800E47090 /* Cocoa.framework in Frameworks */ = {isa = PBXBuildFile; fileRef = 1058C7A1FEA54F0111CA2CBB /* Cocoa.framework */; };
		D56BBAB62465D8E50020D5F1 /* cerberus.icns in Resources */ = {isa = PBXBuildFile; fileRef = D56BBAB52465D8E50020D5F1 /* cerberus.icns */; };
/* End PBXBuildFile section */

/* Begin PBXFileReference section */
		1058C7A1FEA54F0111CA2CBB /* Cocoa.framework */ = {isa = PBXFileReference; lastKnownFileType = wrapper.framework; name = Cocoa.framework; path = /System/Library/Frameworks/Cocoa.framework; sourceTree = "<absolute>"; };
		13E42FB307B3F0F600E4EEF1 /* CoreData.framework */ = {isa = PBXFileReference; lastKnownFileType = wrapper.framework; name = CoreData.framework; path = /System/Library/Frameworks/CoreData.framework; sourceTree = "<absolute>"; };
		29B97324FDCFA39411CA2CEA /* AppKit.framework */ = {isa = PBXFileReference; lastKnownFileType = wrapper.framework; name = AppKit.framework; path = /System/Library/Frameworks/AppKit.framework; sourceTree = "<absolute>"; };
		29B97325FDCFA39411CA2CEA /* Foundation.framework */ = {isa = PBXFileReference; lastKnownFileType = wrapper.framework; name = Foundation.framework; path = /System/Library/Frameworks/Foundation.framework; sourceTree = "<absolute>"; };
		4A4136072B7557920064FF39 /* imgui_impl_opengl3_loader.h */ = {isa = PBXFileReference; fileEncoding = 4; lastKnownFileType = sourcecode.c.h; name = imgui_impl_opengl3_loader.h; path = ../imgui/backends/imgui_impl_opengl3_loader.h; sourceTree = "<group>"; };
		4A4136082B7557920064FF39 /* imgui_impl_opengl3.h */ = {isa = PBXFileReference; fileEncoding = 4; lastKnownFileType = sourcecode.c.h; name = imgui_impl_opengl3.h; path = ../imgui/backends/imgui_impl_opengl3.h; sourceTree = "<group>"; };
		4A4136092B7557920064FF39 /* imgui_impl_glfw.cpp */ = {isa = PBXFileReference; fileEncoding = 4; lastKnownFileType = sourcecode.cpp.cpp; name = imgui_impl_glfw.cpp; path = ../imgui/backends/imgui_impl_glfw.cpp; sourceTree = "<group>"; };
		4A41360B2B7557920064FF39 /* imgui_impl_opengl3.cpp */ = {isa = PBXFileReference; fileEncoding = 4; lastKnownFileType = sourcecode.cpp.cpp; name = imgui_impl_opengl3.cpp; path = ../imgui/backends/imgui_impl_opengl3.cpp; sourceTree = "<group>"; };
		4A41360C2B7557920064FF39 /* imgui_impl_glfw.h */ = {isa = PBXFileReference; fileEncoding = 4; lastKnownFileType = sourcecode.c.h; name = imgui_impl_glfw.h; path = ../imgui/backends/imgui_impl_glfw.h; sourceTree = "<group>"; };
		4A4136102B7557B70064FF39 /* imgui_tables.cpp */ = {isa = PBXFileReference; fileEncoding = 4; lastKnownFileType = sourcecode.cpp.cpp; name = imgui_tables.cpp; path = ../imgui/imgui_tables.cpp; sourceTree = "<group>"; };
		4A4136112B7557B70064FF39 /* imgui_internal.h */ = {isa = PBXFileReference; fileEncoding = 4; lastKnownFileType = sourcecode.c.h; name = imgui_internal.h; path = ../imgui/imgui_internal.h; sourceTree = "<group>"; };
		4A4136122B7557B70064FF39 /* imconfig.h */ = {isa = PBXFileReference; fileEncoding = 4; lastKnownFileType = sourcecode.c.h; name = imconfig.h; path = ../imgui/imconfig.h; sourceTree = "<group>"; };
		4A4136132B7557B70064FF39 /* imgui_draw.cpp */ = {isa = PBXFileReference; fileEncoding = 4; lastKnownFileType = sourcecode.cpp.cpp; name = imgui_draw.cpp; path = ../imgui/imgui_draw.cpp; sourceTree = "<group>"; };
		4A4136142B7557B70064FF39 /* imgui.cpp */ = {isa = PBXFileReference; fileEncoding = 4; lastKnownFileType = sourcecode.cpp.cpp; name = imgui.cpp; path = ../imgui/imgui.cpp; sourceTree = "<group>"; };
		4A4136152B7557B70064FF39 /* imgui.h */ = {isa = PBXFileReference; fileEncoding = 4; lastKnownFileType = sourcecode.c.h; name = imgui.h; path = ../imgui/imgui.h; sourceTree = "<group>"; };
		4A4136162B7557B70064FF39 /* imgui_widgets.cpp */ = {isa = PBXFileReference; fileEncoding = 4; lastKnownFileType = sourcecode.cpp.cpp; name = imgui_widgets.cpp; path = ../imgui/imgui_widgets.cpp; sourceTree = "<group>"; };
		4A4136172B7557B70064FF39 /* imgui_demo.cpp */ = {isa = PBXFileReference; fileEncoding = 4; lastKnownFileType = sourcecode.cpp.cpp; name = imgui_demo.cpp; path = ../imgui/imgui_demo.cpp; sourceTree = "<group>"; };
		4A4136182B7557B70064FF39 /* imstb_textedit.h */ = {isa = PBXFileReference; fileEncoding = 4; lastKnownFileType = sourcecode.c.h; name = imstb_textedit.h; path = ../imgui/imstb_textedit.h; sourceTree = "<group>"; };
		4A4136192B7557B70064FF39 /* imstb_truetype.h */ = {isa = PBXFileReference; fileEncoding = 4; lastKnownFileType = sourcecode.c.h; name = imstb_truetype.h; path = ../imgui/imstb_truetype.h; sourceTree = "<group>"; };
		4A41361A2B7557B70064FF39 /* imstb_rectpack.h */ = {isa = PBXFileReference; fileEncoding = 4; lastKnownFileType = sourcecode.c.h; name = imstb_rectpack.h; path = ../imgui/imstb_rectpack.h; sourceTree = "<group>"; };
		4A41361B2B7557B70064FF39 /* LICENSE.txt */ = {isa = PBXFileReference; fileEncoding = 4; lastKnownFileType = text; name = LICENSE.txt; path = ../imgui/LICENSE.txt; sourceTree = "<group>"; };
		4A4136222B7558030064FF39 /* imgui_stdlib.cpp */ = {isa = PBXFileReference; fileEncoding = 4; lastKnownFileType = sourcecode.cpp.cpp; name = imgui_stdlib.cpp; path = ../imgui/misc/cpp/imgui_stdlib.cpp; sourceTree = "<group>"; };
		4A4136232B7558030064FF39 /* README.txt */ = {isa = PBXFileReference; fileEncoding = 4; lastKnownFileType = text; name = README.txt; path = ../imgui/misc/cpp/README.txt; sourceTree = "<group>"; };
		4A4136242B7558030064FF39 /* imgui_stdlib.h */ = {isa = PBXFileReference; fileEncoding = 4; lastKnownFileType = sourcecode.c.h; name = imgui_stdlib.h; path = ../imgui/misc/cpp/imgui_stdlib.h; sourceTree = "<group>"; };
		4A4136272B7558470064FF39 /* imgui.natvis */ = {isa = PBXFileReference; fileEncoding = 4; lastKnownFileType = text.xml; name = imgui.natvis; path = ../imgui/misc/debuggers/imgui.natvis; sourceTree = "<group>"; };
		4A4136282B7558470064FF39 /* imgui.natstepfilter */ = {isa = PBXFileReference; fileEncoding = 4; lastKnownFileType = text.xml; name = imgui.natstepfilter; path = ../imgui/misc/debuggers/imgui.natstepfilter; sourceTree = "<group>"; };
		4A4136292B7558470064FF39 /* imgui.gdb */ = {isa = PBXFileReference; fileEncoding = 4; lastKnownFileType = text; name = imgui.gdb; path = ../imgui/misc/debuggers/imgui.gdb; sourceTree = "<group>"; };
		4A4136302B7558710064FF39 /* Roboto-Medium.ttf */ = {isa = PBXFileReference; lastKnownFileType = file; path = "Roboto-Medium.ttf"; sourceTree = "<group>"; };
		4A4136312B7558710064FF39 /* DroidSans.ttf */ = {isa = PBXFileReference; lastKnownFileType = file; path = DroidSans.ttf; sourceTree = "<group>"; };
		4A4136322B7558710064FF39 /* ProggyTiny.ttf */ = {isa = PBXFileReference; lastKnownFileType = file; path = ProggyTiny.ttf; sourceTree = "<group>"; };
		4A4136332B7558710064FF39 /* ProggyClean.ttf */ = {isa = PBXFileReference; lastKnownFileType = file; path = ProggyClean.ttf; sourceTree = "<group>"; };
		4A4136342B7558710064FF39 /* Cousine-Regular.ttf */ = {isa = PBXFileReference; lastKnownFileType = file; path = "Cousine-Regular.ttf"; sourceTree = "<group>"; };
		4A4136352B7558710064FF39 /* Karla-Regular.ttf */ = {isa = PBXFileReference; lastKnownFileType = file; path = "Karla-Regular.ttf"; sourceTree = "<group>"; };
		4A4136382B7558710064FF39 /* imgui.gdb */ = {isa = PBXFileReference; fileEncoding = 4; lastKnownFileType = text; path = imgui.gdb; sourceTree = "<group>"; };
		4A4136392B7558710064FF39 /* imgui.natstepfilter */ = {isa = PBXFileReference; fileEncoding = 4; lastKnownFileType = text.xml; path = imgui.natstepfilter; sourceTree = "<group>"; };
		4A41363B2B7558710064FF39 /* imgui.natvis */ = {isa = PBXFileReference; fileEncoding = 4; lastKnownFileType = text.xml; path = imgui.natvis; sourceTree = "<group>"; };
		4A41363D2B7558710064FF39 /* imgui_stdlib.h */ = {isa = PBXFileReference; fileEncoding = 4; lastKnownFileType = sourcecode.c.h; path = imgui_stdlib.h; sourceTree = "<group>"; };
		4A41363F2B7558710064FF39 /* imgui_stdlib.cpp */ = {isa = PBXFileReference; fileEncoding = 4; lastKnownFileType = sourcecode.cpp.cpp; path = imgui_stdlib.cpp; sourceTree = "<group>"; };
		4A4136462B7558710064FF39 /* imgui_single_file.h */ = {isa = PBXFileReference; fileEncoding = 4; lastKnownFileType = sourcecode.c.h; path = imgui_single_file.h; sourceTree = "<group>"; };
		5B5444D21F0BC72800A09B8D /* cocoa_joystick.h */ = {isa = PBXFileReference; fileEncoding = 4; lastKnownFileType = sourcecode.c.h; name = cocoa_joystick.h; path = ../glfw3/src/cocoa_joystick.h; sourceTree = "<group>"; };
		5B5444D31F0BC72800A09B8D /* cocoa_joystick.m */ = {isa = PBXFileReference; fileEncoding = 4; lastKnownFileType = sourcecode.c.objc; name = cocoa_joystick.m; path = ../glfw3/src/cocoa_joystick.m; sourceTree = "<group>"; };
		5B5444D41F0BC72800A09B8D /* cocoa_time.c */ = {isa = PBXFileReference; fileEncoding = 4; lastKnownFileType = sourcecode.c.c; name = cocoa_time.c; path = ../glfw3/src/cocoa_time.c; sourceTree = "<group>"; };
		5B5444D51F0BC72800A09B8D /* egl_context.c */ = {isa = PBXFileReference; fileEncoding = 4; lastKnownFileType = sourcecode.c.c; name = egl_context.c; path = ../glfw3/src/egl_context.c; sourceTree = "<group>"; };
		5B5444D61F0BC72800A09B8D /* egl_context.h */ = {isa = PBXFileReference; fileEncoding = 4; lastKnownFileType = sourcecode.c.h; name = egl_context.h; path = ../glfw3/src/egl_context.h; sourceTree = "<group>"; };
		5B5444D71F0BC72800A09B8D /* osmesa_context.c */ = {isa = PBXFileReference; fileEncoding = 4; lastKnownFileType = sourcecode.c.c; name = osmesa_context.c; path = ../glfw3/src/osmesa_context.c; sourceTree = "<group>"; };
		5B5444D81F0BC72800A09B8D /* osmesa_context.h */ = {isa = PBXFileReference; fileEncoding = 4; lastKnownFileType = sourcecode.c.h; name = osmesa_context.h; path = ../glfw3/src/osmesa_context.h; sourceTree = "<group>"; };
		5B5444DD1F0BC72800A09B8D /* vulkan.c */ = {isa = PBXFileReference; fileEncoding = 4; lastKnownFileType = sourcecode.c.c; name = vulkan.c; path = ../glfw3/src/vulkan.c; sourceTree = "<group>"; };
		5B5444EE1F0BC88300A09B8D /* posix_thread.c */ = {isa = PBXFileReference; fileEncoding = 4; lastKnownFileType = sourcecode.c.c; name = posix_thread.c; path = ../glfw3/src/posix_thread.c; sourceTree = "<group>"; };
		5B5444EF1F0BC88300A09B8D /* posix_thread.h */ = {isa = PBXFileReference; fileEncoding = 4; lastKnownFileType = sourcecode.c.h; name = posix_thread.h; path = ../glfw3/src/posix_thread.h; sourceTree = "<group>"; };
		5B9A66E91F2F246600EF062C /* include */ = {isa = PBXFileReference; lastKnownFileType = folder; name = include; path = ../curl/include; sourceTree = "<group>"; };
		5BD341461F2F293200608B7B /* libcurl.a */ = {isa = PBXFileReference; lastKnownFileType = archive.ar; name = libcurl.a; path = ../curl/lib/MacOS/libcurl.a; sourceTree = "<group>"; };
		7C17EE5112BAD553007B72A6 /* stb_image.c */ = {isa = PBXFileReference; fileEncoding = 4; lastKnownFileType = sourcecode.c.c; name = stb_image.c; path = ../stb/stb_image.c; sourceTree = SOURCE_ROOT; };
		7C73309C1999832400988833 /* glfw_config.h */ = {isa = PBXFileReference; fileEncoding = 4; lastKnownFileType = sourcecode.c.h; name = glfw_config.h; path = ../glfw3/src/glfw_config.h; sourceTree = "<group>"; };
		7C7330A01999832400988833 /* nsgl_context.h */ = {isa = PBXFileReference; fileEncoding = 4; lastKnownFileType = sourcecode.c.h; name = nsgl_context.h; path = ../glfw3/src/nsgl_context.h; sourceTree = "<group>"; };
		7C83FEC915730D2B007D5B80 /* stb_vorbis.c */ = {isa = PBXFileReference; fileEncoding = 4; lastKnownFileType = sourcecode.c.c; name = stb_vorbis.c; path = ../stb/stb_vorbis.c; sourceTree = SOURCE_ROOT; };
		7C8AF372199985960016C22B /* CoreVideo.framework */ = {isa = PBXFileReference; lastKnownFileType = wrapper.framework; name = CoreVideo.framework; path = System/Library/Frameworks/CoreVideo.framework; sourceTree = SDKROOT; };
		7C8DB52E12AF2C210090FC6E /* OpenGL.framework */ = {isa = PBXFileReference; lastKnownFileType = wrapper.framework; name = OpenGL.framework; path = System/Library/Frameworks/OpenGL.framework; sourceTree = SDKROOT; };
		7CACF7FB12B5BBD4002E52F2 /* OpenAL.framework */ = {isa = PBXFileReference; lastKnownFileType = wrapper.framework; name = OpenAL.framework; path = System/Library/Frameworks/OpenAL.framework; sourceTree = SDKROOT; };
		7CACF8E612B5D1AF002E52F2 /* data */ = {isa = PBXFileReference; lastKnownFileType = folder; path = data; sourceTree = "<group>"; };
		7CCA8A3E1B1A8672003926E3 /* main.mm */ = {isa = PBXFileReference; fileEncoding = 4; lastKnownFileType = sourcecode.cpp.objcpp; name = main.mm; path = ../main.mm; sourceTree = "<group>"; };
		7CD5046C165B1A60009581D7 /* external */ = {isa = PBXFileReference; lastKnownFileType = folder; path = external; sourceTree = "<group>"; };
		7CD5046D165B1A60009581D7 /* internal */ = {isa = PBXFileReference; lastKnownFileType = folder; path = internal; sourceTree = "<group>"; };
		7CDF25451602B81600B598F3 /* IOKit.framework */ = {isa = PBXFileReference; lastKnownFileType = wrapper.framework; name = IOKit.framework; path = System/Library/Frameworks/IOKit.framework; sourceTree = SDKROOT; };
		7CE1AA6717E154F600D079FE /* cocoa_init.m */ = {isa = PBXFileReference; fileEncoding = 4; lastKnownFileType = sourcecode.c.objc; name = cocoa_init.m; path = ../glfw3/src/cocoa_init.m; sourceTree = "<group>"; };
		7CE1AA6917E154F600D079FE /* cocoa_monitor.m */ = {isa = PBXFileReference; fileEncoding = 4; lastKnownFileType = sourcecode.c.objc; name = cocoa_monitor.m; path = ../glfw3/src/cocoa_monitor.m; sourceTree = "<group>"; };
		7CE1AA6A17E154F600D079FE /* cocoa_platform.h */ = {isa = PBXFileReference; fileEncoding = 4; lastKnownFileType = sourcecode.c.h; name = cocoa_platform.h; path = ../glfw3/src/cocoa_platform.h; sourceTree = "<group>"; };
		7CE1AA6C17E154F600D079FE /* cocoa_window.m */ = {isa = PBXFileReference; fileEncoding = 4; lastKnownFileType = sourcecode.c.objc; name = cocoa_window.m; path = ../glfw3/src/cocoa_window.m; sourceTree = "<group>"; };
		7CE1AA6E17E154F600D079FE /* context.c */ = {isa = PBXFileReference; fileEncoding = 4; lastKnownFileType = sourcecode.c.c; name = context.c; path = ../glfw3/src/context.c; sourceTree = "<group>"; };
		7CE1AA7017E154F600D079FE /* init.c */ = {isa = PBXFileReference; fileEncoding = 4; lastKnownFileType = sourcecode.c.c; name = init.c; path = ../glfw3/src/init.c; sourceTree = "<group>"; };
		7CE1AA7117E154F600D079FE /* input.c */ = {isa = PBXFileReference; fileEncoding = 4; lastKnownFileType = sourcecode.c.c; name = input.c; path = ../glfw3/src/input.c; sourceTree = "<group>"; };
		7CE1AA7217E154F600D079FE /* internal.h */ = {isa = PBXFileReference; fileEncoding = 4; lastKnownFileType = sourcecode.c.h; name = internal.h; path = ../glfw3/src/internal.h; sourceTree = "<group>"; };
		7CE1AA7417E154F600D079FE /* monitor.c */ = {isa = PBXFileReference; fileEncoding = 4; lastKnownFileType = sourcecode.c.c; name = monitor.c; path = ../glfw3/src/monitor.c; sourceTree = "<group>"; };
		7CE1AA7517E154F600D079FE /* nsgl_context.m */ = {isa = PBXFileReference; fileEncoding = 4; lastKnownFileType = sourcecode.c.objc; name = nsgl_context.m; path = ../glfw3/src/nsgl_context.m; sourceTree = "<group>"; };
		7CE1AA7817E154F600D079FE /* window.c */ = {isa = PBXFileReference; fileEncoding = 4; lastKnownFileType = sourcecode.c.c; name = window.c; path = ../glfw3/src/window.c; sourceTree = "<group>"; };
		7CE1AA8B17E16F2900D079FE /* glfw3.h */ = {isa = PBXFileReference; fileEncoding = 4; lastKnownFileType = sourcecode.c.h; name = glfw3.h; path = ../glfw3/include/GLFW/glfw3.h; sourceTree = "<group>"; };
		8B92728C2A16C2B300376723 /* CerberusGame.entitlements */ = {isa = PBXFileReference; lastKnownFileType = text.plist.entitlements; path = CerberusGame.entitlements; sourceTree = "<group>"; };
		8D1107310486CEB800E47090 /* CerberusGame-Info.plist */ = {isa = PBXFileReference; fileEncoding = 4; lastKnownFileType = text.plist.xml; path = "CerberusGame-Info.plist"; sourceTree = "<group>"; };
		8D1107320486CEB800E47090 /* CerberusGame.app */ = {isa = PBXFileReference; explicitFileType = wrapper.application; includeInIndex = 0; path = CerberusGame.app; sourceTree = BUILT_PRODUCTS_DIR; };
		D56BBAB52465D8E50020D5F1 /* cerberus.icns */ = {isa = PBXFileReference; lastKnownFileType = image.icns; path = cerberus.icns; sourceTree = "<group>"; };
		D56E880E2465D45F0048BE3E /* en */ = {isa = PBXFileReference; lastKnownFileType = text.plist.strings; name = en; path = en.lproj/InfoPlist.strings; sourceTree = "<group>"; };
/* End PBXFileReference section */

/* Begin PBXFrameworksBuildPhase section */
		8D11072E0486CEB800E47090 /* Frameworks */ = {
			isa = PBXFrameworksBuildPhase;
			buildActionMask = 2147483647;
			files = (
				5BD341471F2F293200608B7B /* libcurl.a in Frameworks */,
				7C8AF373199985960016C22B /* CoreVideo.framework in Frameworks */,
				8D11072F0486CEB800E47090 /* Cocoa.framework in Frameworks */,
				7C8DB52F12AF2C210090FC6E /* OpenGL.framework in Frameworks */,
				7CACF7FC12B5BBD4002E52F2 /* OpenAL.framework in Frameworks */,
				7CDF25461602B81600B598F3 /* IOKit.framework in Frameworks */,
			);
			runOnlyForDeploymentPostprocessing = 0;
		};
/* End PBXFrameworksBuildPhase section */

/* Begin PBXGroup section */
		080E96DDFE201D6D7F000001 /* Classes */ = {
			isa = PBXGroup;
			children = (
			);
			name = Classes;
			sourceTree = "<group>";
		};
		1058C7A0FEA54F0111CA2CBB /* Linked Frameworks */ = {
			isa = PBXGroup;
			children = (
				1058C7A1FEA54F0111CA2CBB /* Cocoa.framework */,
			);
			name = "Linked Frameworks";
			sourceTree = "<group>";
		};
		1058C7A2FEA54F0111CA2CBB /* Other Frameworks */ = {
			isa = PBXGroup;
			children = (
				29B97324FDCFA39411CA2CEA /* AppKit.framework */,
				13E42FB307B3F0F600E4EEF1 /* CoreData.framework */,
				29B97325FDCFA39411CA2CEA /* Foundation.framework */,
			);
			name = "Other Frameworks";
			sourceTree = "<group>";
		};
		19C28FACFE9D520D11CA2CBB /* Products */ = {
			isa = PBXGroup;
			children = (
				8D1107320486CEB800E47090 /* CerberusGame.app */,
			);
			name = Products;
			sourceTree = "<group>";
		};
		29B97314FDCFA39411CA2CEA /* CerberusGame */ = {
			isa = PBXGroup;
			children = (
				8B92728C2A16C2B300376723 /* CerberusGame.entitlements */,
				080E96DDFE201D6D7F000001 /* Classes */,
				29B97315FDCFA39411CA2CEA /* Other Sources */,
				29B97317FDCFA39411CA2CEA /* Resources */,
				29B97323FDCFA39411CA2CEA /* Frameworks */,
				19C28FACFE9D520D11CA2CBB /* Products */,
			);
			name = CerberusGame;
			sourceTree = "<group>";
		};
		29B97315FDCFA39411CA2CEA /* Other Sources */ = {
			isa = PBXGroup;
			children = (
				4A41363C2B7558710064FF39 /* cpp */,
				4A4136372B7558710064FF39 /* debuggers */,
				4A41362F2B7558710064FF39 /* fonts */,
				4A4136452B7558710064FF39 /* single_file */,
				4A4136292B7558470064FF39 /* imgui.gdb */,
				4A4136282B7558470064FF39 /* imgui.natstepfilter */,
				4A4136272B7558470064FF39 /* imgui.natvis */,
				4A4136222B7558030064FF39 /* imgui_stdlib.cpp */,
				4A4136242B7558030064FF39 /* imgui_stdlib.h */,
				4A4136232B7558030064FF39 /* README.txt */,
				4A4136122B7557B70064FF39 /* imconfig.h */,
				4A4136172B7557B70064FF39 /* imgui_demo.cpp */,
				4A4136132B7557B70064FF39 /* imgui_draw.cpp */,
				4A4136112B7557B70064FF39 /* imgui_internal.h */,
				4A4136102B7557B70064FF39 /* imgui_tables.cpp */,
				4A4136162B7557B70064FF39 /* imgui_widgets.cpp */,
				4A4136142B7557B70064FF39 /* imgui.cpp */,
				4A4136152B7557B70064FF39 /* imgui.h */,
				4A41361A2B7557B70064FF39 /* imstb_rectpack.h */,
				4A4136182B7557B70064FF39 /* imstb_textedit.h */,
				4A4136192B7557B70064FF39 /* imstb_truetype.h */,
				4A41361B2B7557B70064FF39 /* LICENSE.txt */,
				4A4136092B7557920064FF39 /* imgui_impl_glfw.cpp */,
				4A41360C2B7557920064FF39 /* imgui_impl_glfw.h */,
				4A4136072B7557920064FF39 /* imgui_impl_opengl3_loader.h */,
				4A41360B2B7557920064FF39 /* imgui_impl_opengl3.cpp */,
				4A4136082B7557920064FF39 /* imgui_impl_opengl3.h */,
				5B9A66E91F2F246600EF062C /* include */,
				5B5444EE1F0BC88300A09B8D /* posix_thread.c */,
				5B5444EF1F0BC88300A09B8D /* posix_thread.h */,
				5B5444D21F0BC72800A09B8D /* cocoa_joystick.h */,
				5B5444D31F0BC72800A09B8D /* cocoa_joystick.m */,
				5B5444D41F0BC72800A09B8D /* cocoa_time.c */,
				5B5444D51F0BC72800A09B8D /* egl_context.c */,
				5B5444D61F0BC72800A09B8D /* egl_context.h */,
				5B5444D71F0BC72800A09B8D /* osmesa_context.c */,
				5B5444D81F0BC72800A09B8D /* osmesa_context.h */,
				5B5444DD1F0BC72800A09B8D /* vulkan.c */,
				7CCA8A3E1B1A8672003926E3 /* main.mm */,
				7C73309C1999832400988833 /* glfw_config.h */,
				7CE1AA7517E154F600D079FE /* nsgl_context.m */,
				7C7330A01999832400988833 /* nsgl_context.h */,
				7CE1AA8B17E16F2900D079FE /* glfw3.h */,
				7CE1AA6717E154F600D079FE /* cocoa_init.m */,
				7CE1AA6917E154F600D079FE /* cocoa_monitor.m */,
				7CE1AA6A17E154F600D079FE /* cocoa_platform.h */,
				7CE1AA6C17E154F600D079FE /* cocoa_window.m */,
				7CE1AA6E17E154F600D079FE /* context.c */,
				7CE1AA7017E154F600D079FE /* init.c */,
				7CE1AA7117E154F600D079FE /* input.c */,
				7CE1AA7217E154F600D079FE /* internal.h */,
				7CE1AA7417E154F600D079FE /* monitor.c */,
				7CE1AA7817E154F600D079FE /* window.c */,
				7C17EE5112BAD553007B72A6 /* stb_image.c */,
				7C83FEC915730D2B007D5B80 /* stb_vorbis.c */,
			);
			name = "Other Sources";
			sourceTree = "<group>";
		};
		29B97317FDCFA39411CA2CEA /* Resources */ = {
			isa = PBXGroup;
			children = (
				D56BBAB52465D8E50020D5F1 /* cerberus.icns */,
				7CD5046C165B1A60009581D7 /* external */,
				7CD5046D165B1A60009581D7 /* internal */,
				7CACF8E612B5D1AF002E52F2 /* data */,
				8D1107310486CEB800E47090 /* CerberusGame-Info.plist */,
				089C165CFE840E0CC02AAC07 /* InfoPlist.strings */,
			);
			name = Resources;
			sourceTree = "<group>";
		};
		29B97323FDCFA39411CA2CEA /* Frameworks */ = {
			isa = PBXGroup;
			children = (
				5BD341461F2F293200608B7B /* libcurl.a */,
				7C8AF372199985960016C22B /* CoreVideo.framework */,
				7CDF25451602B81600B598F3 /* IOKit.framework */,
				1058C7A0FEA54F0111CA2CBB /* Linked Frameworks */,
				1058C7A2FEA54F0111CA2CBB /* Other Frameworks */,
				7C8DB52E12AF2C210090FC6E /* OpenGL.framework */,
				7CACF7FB12B5BBD4002E52F2 /* OpenAL.framework */,
			);
			name = Frameworks;
			sourceTree = "<group>";
		};
		4A41362F2B7558710064FF39 /* fonts */ = {
			isa = PBXGroup;
			children = (
				4A4136302B7558710064FF39 /* Roboto-Medium.ttf */,
				4A4136312B7558710064FF39 /* DroidSans.ttf */,
				4A4136322B7558710064FF39 /* ProggyTiny.ttf */,
				4A4136332B7558710064FF39 /* ProggyClean.ttf */,
				4A4136342B7558710064FF39 /* Cousine-Regular.ttf */,
				4A4136352B7558710064FF39 /* Karla-Regular.ttf */,
			);
			name = fonts;
			path = ../imgui/misc/fonts;
			sourceTree = "<group>";
		};
		4A4136372B7558710064FF39 /* debuggers */ = {
			isa = PBXGroup;
			children = (
				4A4136382B7558710064FF39 /* imgui.gdb */,
				4A4136392B7558710064FF39 /* imgui.natstepfilter */,
				4A41363B2B7558710064FF39 /* imgui.natvis */,
			);
			name = debuggers;
			path = ../imgui/misc/debuggers;
			sourceTree = "<group>";
		};
		4A41363C2B7558710064FF39 /* cpp */ = {
			isa = PBXGroup;
			children = (
				4A41363D2B7558710064FF39 /* imgui_stdlib.h */,
				4A41363F2B7558710064FF39 /* imgui_stdlib.cpp */,
			);
			name = cpp;
			path = ../imgui/misc/cpp;
			sourceTree = "<group>";
		};
		4A4136452B7558710064FF39 /* single_file */ = {
			isa = PBXGroup;
			children = (
				4A4136462B7558710064FF39 /* imgui_single_file.h */,
			);
			name = single_file;
			path = ../imgui/misc/single_file;
			sourceTree = "<group>";
		};
/* End PBXGroup section */

/* Begin PBXNativeTarget section */
		8D1107260486CEB800E47090 /* CerberusGame */ = {
			isa = PBXNativeTarget;
			buildConfigurationList = C01FCF4A08A954540054247B /* Build configuration list for PBXNativeTarget "CerberusGame" */;
			buildPhases = (
				8D1107290486CEB800E47090 /* Resources */,
				8D11072C0486CEB800E47090 /* Sources */,
				8D11072E0486CEB800E47090 /* Frameworks */,
			);
			buildRules = (
			);
			dependencies = (
			);
			name = CerberusGame;
			productInstallPath = "$(HOME)/Applications";
			productName = CerberusGame;
			productReference = 8D1107320486CEB800E47090 /* CerberusGame.app */;
			productType = "com.apple.product-type.application";
		};
/* End PBXNativeTarget section */

/* Begin PBXProject section */
		29B97313FDCFA39411CA2CEA /* Project object */ = {
			isa = PBXProject;
			attributes = {
				LastUpgradeCheck = 1110;
			};
			buildConfigurationList = C01FCF4E08A954540054247B /* Build configuration list for PBXProject "CerberusGame" */;
			compatibilityVersion = "Xcode 3.2";
			developmentRegion = en;
			hasScannedForEncodings = 1;
			knownRegions = (
				Base,
				en,
				fr,
				ja,
				de,
			);
			mainGroup = 29B97314FDCFA39411CA2CEA /* CerberusGame */;
			projectDirPath = "";
			projectRoot = "";
			targets = (
				8D1107260486CEB800E47090 /* CerberusGame */,
			);
		};
/* End PBXProject section */

/* Begin PBXResourcesBuildPhase section */
		8D1107290486CEB800E47090 /* Resources */ = {
			isa = PBXResourcesBuildPhase;
			buildActionMask = 2147483647;
			files = (
				4A4136472B7558710064FF39 /* Roboto-Medium.ttf in Resources */,
				8D11072B0486CEB800E47090 /* InfoPlist.strings in Resources */,
				4A41362B2B7558470064FF39 /* imgui.natvis in Resources */,
				7CACF8E812B5D1AF002E52F2 /* data in Resources */,
				7CD5046E165B1A60009581D7 /* external in Resources */,
				4A41364F2B7558710064FF39 /* imgui.natstepfilter in Resources */,
				4A41364C2B7558710064FF39 /* Karla-Regular.ttf in Resources */,
				5B9A66EA1F2F246600EF062C /* include in Resources */,
				4A41364A2B7558710064FF39 /* ProggyClean.ttf in Resources */,
				4A41362C2B7558470064FF39 /* imgui.natstepfilter in Resources */,
				7CD5046F165B1A60009581D7 /* internal in Resources */,
				D56BBAB62465D8E50020D5F1 /* cerberus.icns in Resources */,
				4A41362D2B7558470064FF39 /* imgui.gdb in Resources */,
				4A4136482B7558710064FF39 /* DroidSans.ttf in Resources */,
				4A41364E2B7558710064FF39 /* imgui.gdb in Resources */,
				4A4136492B7558710064FF39 /* ProggyTiny.ttf in Resources */,
				4A4136262B7558030064FF39 /* README.txt in Resources */,
				4A4136512B7558710064FF39 /* imgui.natvis in Resources */,
				4A41364B2B7558710064FF39 /* Cousine-Regular.ttf in Resources */,
				4A4136212B7557B70064FF39 /* LICENSE.txt in Resources */,
			);
			runOnlyForDeploymentPostprocessing = 0;
		};
/* End PBXResourcesBuildPhase section */

/* Begin PBXSourcesBuildPhase section */
		8D11072C0486CEB800E47090 /* Sources */ = {
			isa = PBXSourcesBuildPhase;
			buildActionMask = 2147483647;
			files = (
				5B5444E51F0BC72800A09B8D /* osmesa_context.c in Sources */,
				5B5444E41F0BC72800A09B8D /* egl_context.c in Sources */,
				5B5444E31F0BC72800A09B8D /* cocoa_time.c in Sources */,
				4A4136532B7558710064FF39 /* imgui_stdlib.cpp in Sources */,
				7C17EE5212BAD553007B72A6 /* stb_image.c in Sources */,
				7C83FECA15730D2B007D5B80 /* stb_vorbis.c in Sources */,
				4A41361E2B7557B70064FF39 /* imgui.cpp in Sources */,
				4A41361D2B7557B70064FF39 /* imgui_draw.cpp in Sources */,
				5B5444F01F0BC88300A09B8D /* posix_thread.c in Sources */,
				7CCA8A3F1B1A8672003926E3 /* main.mm in Sources */,
				4A4136252B7558030064FF39 /* imgui_stdlib.cpp in Sources */,
				7CE1AA7B17E154F600D079FE /* cocoa_init.m in Sources */,
				7CE1AA7D17E154F600D079FE /* cocoa_monitor.m in Sources */,
				7CE1AA7F17E154F600D079FE /* cocoa_window.m in Sources */,
				4A41360F2B7557920064FF39 /* imgui_impl_opengl3.cpp in Sources */,
				7CE1AA8017E154F600D079FE /* context.c in Sources */,
				7CE1AA8217E154F600D079FE /* init.c in Sources */,
				4A4136202B7557B70064FF39 /* imgui_demo.cpp in Sources */,
				7CE1AA8317E154F600D079FE /* input.c in Sources */,
				5B5444E81F0BC72800A09B8D /* vulkan.c in Sources */,
				4A41361F2B7557B70064FF39 /* imgui_widgets.cpp in Sources */,
				7CE1AA8517E154F600D079FE /* monitor.c in Sources */,
				7CE1AA8617E154F600D079FE /* nsgl_context.m in Sources */,
				4A41360D2B7557920064FF39 /* imgui_impl_glfw.cpp in Sources */,
				7CE1AA8817E154F600D079FE /* window.c in Sources */,
				4A41361C2B7557B70064FF39 /* imgui_tables.cpp in Sources */,
				5B5444E21F0BC72800A09B8D /* cocoa_joystick.m in Sources */,
			);
			runOnlyForDeploymentPostprocessing = 0;
		};
/* End PBXSourcesBuildPhase section */

/* Begin PBXVariantGroup section */
		089C165CFE840E0CC02AAC07 /* InfoPlist.strings */ = {
			isa = PBXVariantGroup;
			children = (
				D56E880E2465D45F0048BE3E /* en */,
			);
			name = InfoPlist.strings;
			sourceTree = "<group>";
		};
/* End PBXVariantGroup section */

/* Begin XCBuildConfiguration section */
		C01FCF4B08A954540054247B /* Debug */ = {
			isa = XCBuildConfiguration;
			buildSettings = {
				ALWAYS_SEARCH_USER_PATHS = NO;
				CLANG_ENABLE_OBJC_WEAK = YES;
				CODE_SIGN_ENTITLEMENTS = CerberusGame.entitlements;
				CODE_SIGN_IDENTITY = "-";
				COMBINE_HIDPI_IMAGES = YES;
				COPY_PHASE_STRIP = NO;
				ENABLE_HARDENED_RUNTIME = YES;
				GCC_DYNAMIC_NO_PIC = NO;
				GCC_MODEL_TUNING = G5;
				GCC_OPTIMIZATION_LEVEL = 0;
				GCC_PRECOMPILE_PREFIX_HEADER = YES;
				GCC_PREFIX_HEADER = CerberusGame_Prefix.pch;
				GCC_VERSION = "";
				HEADER_SEARCH_PATHS = (
					../glfw3/include,
					../openal/include,
					../stb,
				);
				INFOPLIST_FILE = "CerberusGame-Info.plist";
				INSTALL_PATH = "$(HOME)/Applications";
				MACOSX_DEPLOYMENT_TARGET = 10.13;
				OTHER_CFLAGS = (
					"-Wno-logical-op-parentheses",
					"-D_GLFW_COCOA",
				);
				PRODUCT_BUNDLE_IDENTIFIER = "com.yourcompany.${PRODUCT_NAME:rfc1034identifier}";
				PRODUCT_NAME = CerberusGame;
				SDKROOT = macosx;
			};
			name = Debug;
		};
		C01FCF4C08A954540054247B /* Release */ = {
			isa = XCBuildConfiguration;
			buildSettings = {
				ALWAYS_SEARCH_USER_PATHS = NO;
				CLANG_ENABLE_OBJC_WEAK = YES;
				CODE_SIGN_ENTITLEMENTS = CerberusGame.entitlements;
				CODE_SIGN_IDENTITY = "-";
				COMBINE_HIDPI_IMAGES = YES;
				DEBUG_INFORMATION_FORMAT = "dwarf-with-dsym";
				ENABLE_HARDENED_RUNTIME = YES;
				GCC_MODEL_TUNING = G5;
				GCC_PRECOMPILE_PREFIX_HEADER = YES;
				GCC_PREFIX_HEADER = CerberusGame_Prefix.pch;
				GCC_VERSION = "";
				HEADER_SEARCH_PATHS = (
					../glfw3/include,
					../openal/include,
					../stb,
				);
				INFOPLIST_FILE = "CerberusGame-Info.plist";
				INSTALL_PATH = "$(HOME)/Applications";
				MACOSX_DEPLOYMENT_TARGET = 10.13;
				OTHER_CFLAGS = (
					"-Wno-logical-op-parentheses",
					"-D_GLFW_COCOA",
				);
				PRODUCT_BUNDLE_IDENTIFIER = "com.yourcompany.${PRODUCT_NAME:rfc1034identifier}";
				PRODUCT_NAME = CerberusGame;
				SDKROOT = macosx;
			};
			name = Release;
		};
		C01FCF4F08A954540054247B /* Debug */ = {
			isa = XCBuildConfiguration;
			buildSettings = {
				CLANG_ANALYZER_LOCALIZABILITY_NONLOCALIZED = YES;
				CLANG_CXX_LANGUAGE_STANDARD = "gnu++0x";
				ENABLE_TESTABILITY = YES;
				GCC_C_LANGUAGE_STANDARD = gnu99;
				GCC_OPTIMIZATION_LEVEL = 0;
				GCC_VERSION = com.apple.compilers.llvmgcc42;
				GCC_WARN_ABOUT_RETURN_TYPE = YES;
				GCC_WARN_UNUSED_VARIABLE = YES;
				HEADER_SEARCH_PATHS = (
					../glfw/include,
					../glfw/lib,
					../openal/include,
					../glfw/lib/cocoa,
					../stb,
				);
				ONLY_ACTIVE_ARCH = YES;
				PRECOMPS_INCLUDE_HEADERS_FROM_BUILT_PRODUCTS_DIR = NO;
				SDKROOT = "";
			};
			name = Debug;
		};
		C01FCF5008A954540054247B /* Release */ = {
			isa = XCBuildConfiguration;
			buildSettings = {
				CLANG_ANALYZER_LOCALIZABILITY_NONLOCALIZED = YES;
				GCC_C_LANGUAGE_STANDARD = gnu99;
				CLANG_CXX_LANGUAGE_STANDARD = "gnu++0x";
				GCC_VERSION = com.apple.compilers.llvmgcc42;
				GCC_WARN_ABOUT_RETURN_TYPE = YES;
				GCC_WARN_UNUSED_VARIABLE = YES;
				HEADER_SEARCH_PATHS = (
					../glfw/include,
					../glfw/lib,
					../openal/include,
					../glfw/lib/cocoa,
					../stb,
				);
				PRECOMPS_INCLUDE_HEADERS_FROM_BUILT_PRODUCTS_DIR = NO;
				SDKROOT = "";
			};
			name = Release;
		};
/* End XCBuildConfiguration section */

/* Begin XCConfigurationList section */
		C01FCF4A08A954540054247B /* Build configuration list for PBXNativeTarget "CerberusGame" */ = {
			isa = XCConfigurationList;
			buildConfigurations = (
				C01FCF4B08A954540054247B /* Debug */,
				C01FCF4C08A954540054247B /* Release */,
			);
			defaultConfigurationIsVisible = 0;
			defaultConfigurationName = Release;
		};
		C01FCF4E08A954540054247B /* Build configuration list for PBXProject "CerberusGame" */ = {
			isa = XCConfigurationList;
			buildConfigurations = (
				C01FCF4F08A954540054247B /* Debug */,
				C01FCF5008A954540054247B /* Release */,
			);
			defaultConfigurationIsVisible = 0;
			defaultConfigurationName = Release;
		};
/* End XCConfigurationList section */
	};
	rootObject = 29B97313FDCFA39411CA2CEA /* Project object */;
}
