// !$*UTF8*$!
{
	archiveVersion = 1;
	classes = {
	};
	objectVersion = 46;
	objects = {

/* Begin PBXBuildFile section */
		5B5444E21F0BC72800A09B8D /* cocoa_joystick.m in Sources */ = {isa = PBXBuildFile; fileRef = 5B5444D31F0BC72800A09B8D /* cocoa_joystick.m */; };
		5B5444E31F0BC72800A09B8D /* cocoa_time.c in Sources */ = {isa = PBXBuildFile; fileRef = 5B5444D41F0BC72800A09B8D /* cocoa_time.c */; };
		5B5444E41F0BC72800A09B8D /* egl_context.c in Sources */ = {isa = PBXBuildFile; fileRef = 5B5444D51F0BC72800A09B8D /* egl_context.c */; };
		5B5444E51F0BC72800A09B8D /* osmesa_context.c in Sources */ = {isa = PBXBuildFile; fileRef = 5B5444D71F0BC72800A09B8D /* osmesa_context.c */; };
		5B5444E81F0BC72800A09B8D /* vulkan.c in Sources */ = {isa = PBXBuildFile; fileRef = 5B5444DD1F0BC72800A09B8D /* vulkan.c */; };
		5B5444F01F0BC88300A09B8D /* posix_thread.c in Sources */ = {isa = PBXBuildFile; fileRef = 5B5444EE1F0BC88300A09B8D /* posix_thread.c */; };
		5B9A66EA1F2F246600EF062C /* include in Resources */ = {isa = PBXBuildFile; fileRef = 5B9A66E91F2F246600EF062C /* include */; };
		5BD341471F2F293200608B7B /* libcurl.a in Frameworks */ = {isa = PBXBuildFile; fileRef = 5BD341461F2F293200608B7B /* libcurl.a */; };
		7C17EE5212BAD553007B72A6 /* stb_image.c in Sources */ = {isa = PBXBuildFile; fileRef = 7C17EE5112BAD553007B72A6 /* stb_image.c */; };
		7C83FECA15730D2B007D5B80 /* stb_vorbis.c in Sources */ = {isa = PBXBuildFile; fileRef = 7C83FEC915730D2B007D5B80 /* stb_vorbis.c */; };
		7C8AF373199985960016C22B /* CoreVideo.framework in Frameworks */ = {isa = PBXBuildFile; fileRef = 7C8AF372199985960016C22B /* CoreVideo.framework */; };
		7C8DB52F12AF2C210090FC6E /* OpenGL.framework in Frameworks */ = {isa = PBXBuildFile; fileRef = 7C8DB52E12AF2C210090FC6E /* OpenGL.framework */; };
		7CACF7FC12B5BBD4002E52F2 /* OpenAL.framework in Frameworks */ = {isa = PBXBuildFile; fileRef = 7CACF7FB12B5BBD4002E52F2 /* OpenAL.framework */; };
		7CACF8E812B5D1AF002E52F2 /* data in Resources */ = {isa = PBXBuildFile; fileRef = 7CACF8E612B5D1AF002E52F2 /* data */; };
		7CCA8A3F1B1A8672003926E3 /* main.mm in Sources */ = {isa = PBXBuildFile; fileRef = 7CCA8A3E1B1A8672003926E3 /* main.mm */; };
		7CD5046E165B1A60009581D7 /* external in Resources */ = {isa = PBXBuildFile; fileRef = 7CD5046C165B1A60009581D7 /* external */; };
		7CD5046F165B1A60009581D7 /* internal in Resources */ = {isa = PBXBuildFile; fileRef = 7CD5046D165B1A60009581D7 /* internal */; };
		7CDF25461602B81600B598F3 /* IOKit.framework in Frameworks */ = {isa = PBXBuildFile; fileRef = 7CDF25451602B81600B598F3 /* IOKit.framework */; };
		7CE1AA7B17E154F600D079FE /* cocoa_init.m in Sources */ = {isa = PBXBuildFile; fileRef = 7CE1AA6717E154F600D079FE /* cocoa_init.m */; };
		7CE1AA7D17E154F600D079FE /* cocoa_monitor.m in Sources */ = {isa = PBXBuildFile; fileRef = 7CE1AA6917E154F600D079FE /* cocoa_monitor.m */; };
		7CE1AA7F17E154F600D079FE /* cocoa_window.m in Sources */ = {isa = PBXBuildFile; fileRef = 7CE1AA6C17E154F600D079FE /* cocoa_window.m */; };
		7CE1AA8017E154F600D079FE /* context.c in Sources */ = {isa = PBXBuildFile; fileRef = 7CE1AA6E17E154F600D079FE /* context.c */; };
		7CE1AA8217E154F600D079FE /* init.c in Sources */ = {isa = PBXBuildFile; fileRef = 7CE1AA7017E154F600D079FE /* init.c */; };
		7CE1AA8317E154F600D079FE /* input.c in Sources */ = {isa = PBXBuildFile; fileRef = 7CE1AA7117E154F600D079FE /* input.c */; };
		7CE1AA8517E154F600D079FE /* monitor.c in Sources */ = {isa = PBXBuildFile; fileRef = 7CE1AA7417E154F600D079FE /* monitor.c */; };
		7CE1AA8617E154F600D079FE /* nsgl_context.m in Sources */ = {isa = PBXBuildFile; fileRef = 7CE1AA7517E154F600D079FE /* nsgl_context.m */; };
		7CE1AA8817E154F600D079FE /* window.c in Sources */ = {isa = PBXBuildFile; fileRef = 7CE1AA7817E154F600D079FE /* window.c */; };
		8D11072B0486CEB800E47090 /* InfoPlist.strings in Resources */ = {isa = PBXBuildFile; fileRef = 089C165CFE840E0CC02AAC07 /* InfoPlist.strings */; };
		8D11072F0486CEB800E47090 /* Cocoa.framework in Frameworks */ = {isa = PBXBuildFile; fileRef = 1058C7A1FEA54F0111CA2CBB /* Cocoa.framework */; };
/* End PBXBuildFile section */

/* Begin PBXFileReference section */
		089C165DFE840E0CC02AAC07 /* English */ = {isa = PBXFileReference; fileEncoding = 4; lastKnownFileType = text.plist.strings; name = English; path = English.lproj/InfoPlist.strings; sourceTree = "<group>"; };
		1058C7A1FEA54F0111CA2CBB /* Cocoa.framework */ = {isa = PBXFileReference; lastKnownFileType = wrapper.framework; name = Cocoa.framework; path = /System/Library/Frameworks/Cocoa.framework; sourceTree = "<absolute>"; };
		13E42FB307B3F0F600E4EEF1 /* CoreData.framework */ = {isa = PBXFileReference; lastKnownFileType = wrapper.framework; name = CoreData.framework; path = /System/Library/Frameworks/CoreData.framework; sourceTree = "<absolute>"; };
		29B97324FDCFA39411CA2CEA /* AppKit.framework */ = {isa = PBXFileReference; lastKnownFileType = wrapper.framework; name = AppKit.framework; path = /System/Library/Frameworks/AppKit.framework; sourceTree = "<absolute>"; };
		29B97325FDCFA39411CA2CEA /* Foundation.framework */ = {isa = PBXFileReference; lastKnownFileType = wrapper.framework; name = Foundation.framework; path = /System/Library/Frameworks/Foundation.framework; sourceTree = "<absolute>"; };
		5B5444D21F0BC72800A09B8D /* cocoa_joystick.h */ = {isa = PBXFileReference; fileEncoding = 4; lastKnownFileType = sourcecode.c.h; name = cocoa_joystick.h; path = ../glfw3/src/cocoa_joystick.h; sourceTree = "<group>"; };
		5B5444D31F0BC72800A09B8D /* cocoa_joystick.m */ = {isa = PBXFileReference; fileEncoding = 4; lastKnownFileType = sourcecode.c.objc; name = cocoa_joystick.m; path = ../glfw3/src/cocoa_joystick.m; sourceTree = "<group>"; };
		5B5444D41F0BC72800A09B8D /* cocoa_time.c */ = {isa = PBXFileReference; fileEncoding = 4; lastKnownFileType = sourcecode.c.c; name = cocoa_time.c; path = ../glfw3/src/cocoa_time.c; sourceTree = "<group>"; };
		5B5444D51F0BC72800A09B8D /* egl_context.c */ = {isa = PBXFileReference; fileEncoding = 4; lastKnownFileType = sourcecode.c.c; name = egl_context.c; path = ../glfw3/src/egl_context.c; sourceTree = "<group>"; };
		5B5444D61F0BC72800A09B8D /* egl_context.h */ = {isa = PBXFileReference; fileEncoding = 4; lastKnownFileType = sourcecode.c.h; name = egl_context.h; path = ../glfw3/src/egl_context.h; sourceTree = "<group>"; };
		5B5444D71F0BC72800A09B8D /* osmesa_context.c */ = {isa = PBXFileReference; fileEncoding = 4; lastKnownFileType = sourcecode.c.c; name = osmesa_context.c; path = ../glfw3/src/osmesa_context.c; sourceTree = "<group>"; };
		5B5444D81F0BC72800A09B8D /* osmesa_context.h */ = {isa = PBXFileReference; fileEncoding = 4; lastKnownFileType = sourcecode.c.h; name = osmesa_context.h; path = ../glfw3/src/osmesa_context.h; sourceTree = "<group>"; };
		5B5444DD1F0BC72800A09B8D /* vulkan.c */ = {isa = PBXFileReference; fileEncoding = 4; lastKnownFileType = sourcecode.c.c; name = vulkan.c; path = ../glfw3/src/vulkan.c; sourceTree = "<group>"; };
		5B5444EE1F0BC88300A09B8D /* posix_thread.c */ = {isa = PBXFileReference; fileEncoding = 4; lastKnownFileType = sourcecode.c.c; name = posix_thread.c; path = ../glfw3/src/posix_thread.c; sourceTree = "<group>"; };
		5B5444EF1F0BC88300A09B8D /* posix_thread.h */ = {isa = PBXFileReference; fileEncoding = 4; lastKnownFileType = sourcecode.c.h; name = posix_thread.h; path = ../glfw3/src/posix_thread.h; sourceTree = "<group>"; };
		5B9A66E91F2F246600EF062C /* include */ = {isa = PBXFileReference; lastKnownFileType = folder; name = include; path = ../curl/include; sourceTree = "<group>"; };
		5BD341461F2F293200608B7B /* libcurl.a */ = {isa = PBXFileReference; lastKnownFileType = archive.ar; name = libcurl.a; path = ../curl/lib/MacOS/libcurl.a; sourceTree = "<group>"; };
		7C17EE5112BAD553007B72A6 /* stb_image.c */ = {isa = PBXFileReference; fileEncoding = 4; lastKnownFileType = sourcecode.c.c; name = stb_image.c; path = ../stb/stb_image.c; sourceTree = SOURCE_ROOT; };
		7C73309C1999832400988833 /* glfw_config.h */ = {isa = PBXFileReference; fileEncoding = 4; lastKnownFileType = sourcecode.c.h; name = glfw_config.h; path = ../glfw3/src/glfw_config.h; sourceTree = "<group>"; };
		7C7330A01999832400988833 /* nsgl_context.h */ = {isa = PBXFileReference; fileEncoding = 4; lastKnownFileType = sourcecode.c.h; name = nsgl_context.h; path = ../glfw3/src/nsgl_context.h; sourceTree = "<group>"; };
		7C83FEC915730D2B007D5B80 /* stb_vorbis.c */ = {isa = PBXFileReference; fileEncoding = 4; lastKnownFileType = sourcecode.c.c; name = stb_vorbis.c; path = ../stb/stb_vorbis.c; sourceTree = SOURCE_ROOT; };
		7C8AF372199985960016C22B /* CoreVideo.framework */ = {isa = PBXFileReference; lastKnownFileType = wrapper.framework; name = CoreVideo.framework; path = System/Library/Frameworks/CoreVideo.framework; sourceTree = SDKROOT; };
		7C8DB52E12AF2C210090FC6E /* OpenGL.framework */ = {isa = PBXFileReference; lastKnownFileType = wrapper.framework; name = OpenGL.framework; path = System/Library/Frameworks/OpenGL.framework; sourceTree = SDKROOT; };
		7CACF7FB12B5BBD4002E52F2 /* OpenAL.framework */ = {isa = PBXFileReference; lastKnownFileType = wrapper.framework; name = OpenAL.framework; path = System/Library/Frameworks/OpenAL.framework; sourceTree = SDKROOT; };
		7CACF8E612B5D1AF002E52F2 /* data */ = {isa = PBXFileReference; lastKnownFileType = folder; path = data; sourceTree = "<group>"; };
		7CCA8A3E1B1A8672003926E3 /* main.mm */ = {isa = PBXFileReference; fileEncoding = 4; lastKnownFileType = sourcecode.cpp.objcpp; name = main.mm; path = ../main.mm; sourceTree = "<group>"; };
		7CD5046C165B1A60009581D7 /* external */ = {isa = PBXFileReference; lastKnownFileType = folder; path = external; sourceTree = "<group>"; };
		7CD5046D165B1A60009581D7 /* internal */ = {isa = PBXFileReference; lastKnownFileType = folder; path = internal; sourceTree = "<group>"; };
		7CDF25451602B81600B598F3 /* IOKit.framework */ = {isa = PBXFileReference; lastKnownFileType = wrapper.framework; name = IOKit.framework; path = System/Library/Frameworks/IOKit.framework; sourceTree = SDKROOT; };
		7CE1AA6717E154F600D079FE /* cocoa_init.m */ = {isa = PBXFileReference; fileEncoding = 4; lastKnownFileType = sourcecode.c.objc; name = cocoa_init.m; path = ../glfw3/src/cocoa_init.m; sourceTree = "<group>"; };
		7CE1AA6917E154F600D079FE /* cocoa_monitor.m */ = {isa = PBXFileReference; fileEncoding = 4; lastKnownFileType = sourcecode.c.objc; name = cocoa_monitor.m; path = ../glfw3/src/cocoa_monitor.m; sourceTree = "<group>"; };
		7CE1AA6A17E154F600D079FE /* cocoa_platform.h */ = {isa = PBXFileReference; fileEncoding = 4; lastKnownFileType = sourcecode.c.h; name = cocoa_platform.h; path = ../glfw3/src/cocoa_platform.h; sourceTree = "<group>"; };
		7CE1AA6C17E154F600D079FE /* cocoa_window.m */ = {isa = PBXFileReference; fileEncoding = 4; lastKnownFileType = sourcecode.c.objc; name = cocoa_window.m; path = ../glfw3/src/cocoa_window.m; sourceTree = "<group>"; };
		7CE1AA6E17E154F600D079FE /* context.c */ = {isa = PBXFileReference; fileEncoding = 4; lastKnownFileType = sourcecode.c.c; name = context.c; path = ../glfw3/src/context.c; sourceTree = "<group>"; };
		7CE1AA7017E154F600D079FE /* init.c */ = {isa = PBXFileReference; fileEncoding = 4; lastKnownFileType = sourcecode.c.c; name = init.c; path = ../glfw3/src/init.c; sourceTree = "<group>"; };
		7CE1AA7117E154F600D079FE /* input.c */ = {isa = PBXFileReference; fileEncoding = 4; lastKnownFileType = sourcecode.c.c; name = input.c; path = ../glfw3/src/input.c; sourceTree = "<group>"; };
		7CE1AA7217E154F600D079FE /* internal.h */ = {isa = PBXFileReference; fileEncoding = 4; lastKnownFileType = sourcecode.c.h; name = internal.h; path = ../glfw3/src/internal.h; sourceTree = "<group>"; };
		7CE1AA7417E154F600D079FE /* monitor.c */ = {isa = PBXFileReference; fileEncoding = 4; lastKnownFileType = sourcecode.c.c; name = monitor.c; path = ../glfw3/src/monitor.c; sourceTree = "<group>"; };
		7CE1AA7517E154F600D079FE /* nsgl_context.m */ = {isa = PBXFileReference; fileEncoding = 4; lastKnownFileType = sourcecode.c.objc; name = nsgl_context.m; path = ../glfw3/src/nsgl_context.m; sourceTree = "<group>"; };
		7CE1AA7817E154F600D079FE /* window.c */ = {isa = PBXFileReference; fileEncoding = 4; lastKnownFileType = sourcecode.c.c; name = window.c; path = ../glfw3/src/window.c; sourceTree = "<group>"; };
		7CE1AA8B17E16F2900D079FE /* glfw3.h */ = {isa = PBXFileReference; fileEncoding = 4; lastKnownFileType = sourcecode.c.h; name = glfw3.h; path = ../glfw3/include/GLFW/glfw3.h; sourceTree = "<group>"; };
		8D1107310486CEB800E47090 /* CerberusGame-Info.plist */ = {isa = PBXFileReference; fileEncoding = 4; lastKnownFileType = text.plist.xml; path = "CerberusGame-Info.plist"; sourceTree = "<group>"; };
		8D1107320486CEB800E47090 /* CerberusGame.app */ = {isa = PBXFileReference; explicitFileType = wrapper.application; includeInIndex = 0; path = CerberusGame.app; sourceTree = BUILT_PRODUCTS_DIR; };
/* End PBXFileReference section */

/* Begin PBXFrameworksBuildPhase section */
		8D11072E0486CEB800E47090 /* Frameworks */ = {
			isa = PBXFrameworksBuildPhase;
			buildActionMask = 2147483647;
			files = (
				5BD341471F2F293200608B7B /* libcurl.a in Frameworks */,
				7C8AF373199985960016C22B /* CoreVideo.framework in Frameworks */,
				8D11072F0486CEB800E47090 /* Cocoa.framework in Frameworks */,
				7C8DB52F12AF2C210090FC6E /* OpenGL.framework in Frameworks */,
				7CACF7FC12B5BBD4002E52F2 /* OpenAL.framework in Frameworks */,
				7CDF25461602B81600B598F3 /* IOKit.framework in Frameworks */,
			);
			runOnlyForDeploymentPostprocessing = 0;
		};
/* End PBXFrameworksBuildPhase section */

/* Begin PBXGroup section */
		080E96DDFE201D6D7F000001 /* Classes */ = {
			isa = PBXGroup;
			children = (
			);
			name = Classes;
			sourceTree = "<group>";
		};
		1058C7A0FEA54F0111CA2CBB /* Linked Frameworks */ = {
			isa = PBXGroup;
			children = (
				1058C7A1FEA54F0111CA2CBB /* Cocoa.framework */,
			);
			name = "Linked Frameworks";
			sourceTree = "<group>";
		};
		1058C7A2FEA54F0111CA2CBB /* Other Frameworks */ = {
			isa = PBXGroup;
			children = (
				29B97324FDCFA39411CA2CEA /* AppKit.framework */,
				13E42FB307B3F0F600E4EEF1 /* CoreData.framework */,
				29B97325FDCFA39411CA2CEA /* Foundation.framework */,
			);
			name = "Other Frameworks";
			sourceTree = "<group>";
		};
		19C28FACFE9D520D11CA2CBB /* Products */ = {
			isa = PBXGroup;
			children = (
				8D1107320486CEB800E47090 /* CerberusGame.app */,
			);
			name = Products;
			sourceTree = "<group>";
		};
		29B97314FDCFA39411CA2CEA /* CerberusGame */ = {
			isa = PBXGroup;
			children = (
				080E96DDFE201D6D7F000001 /* Classes */,
				29B97315FDCFA39411CA2CEA /* Other Sources */,
				29B97317FDCFA39411CA2CEA /* Resources */,
				29B97323FDCFA39411CA2CEA /* Frameworks */,
				19C28FACFE9D520D11CA2CBB /* Products */,
			);
			name = CerberusGame;
			sourceTree = "<group>";
		};
		29B97315FDCFA39411CA2CEA /* Other Sources */ = {
			isa = PBXGroup;
			children = (
				5B9A66E91F2F246600EF062C /* include */,
				5B5444EE1F0BC88300A09B8D /* posix_thread.c */,
				5B5444EF1F0BC88300A09B8D /* posix_thread.h */,
				5B5444D21F0BC72800A09B8D /* cocoa_joystick.h */,
				5B5444D31F0BC72800A09B8D /* cocoa_joystick.m */,
				5B5444D41F0BC72800A09B8D /* cocoa_time.c */,
				5B5444D51F0BC72800A09B8D /* egl_context.c */,
				5B5444D61F0BC72800A09B8D /* egl_context.h */,
				5B5444D71F0BC72800A09B8D /* osmesa_context.c */,
				5B5444D81F0BC72800A09B8D /* osmesa_context.h */,
				5B5444DD1F0BC72800A09B8D /* vulkan.c */,
				7CCA8A3E1B1A8672003926E3 /* main.mm */,
				7C73309C1999832400988833 /* glfw_config.h */,
				7CE1AA7517E154F600D079FE /* nsgl_context.m */,
				7C7330A01999832400988833 /* nsgl_context.h */,
				7CE1AA8B17E16F2900D079FE /* glfw3.h */,
				7CE1AA6717E154F600D079FE /* cocoa_init.m */,
				7CE1AA6917E154F600D079FE /* cocoa_monitor.m */,
				7CE1AA6A17E154F600D079FE /* cocoa_platform.h */,
				7CE1AA6C17E154F600D079FE /* cocoa_window.m */,
				7CE1AA6E17E154F600D079FE /* context.c */,
				7CE1AA7017E154F600D079FE /* init.c */,
				7CE1AA7117E154F600D079FE /* input.c */,
				7CE1AA7217E154F600D079FE /* internal.h */,
				7CE1AA7417E154F600D079FE /* monitor.c */,
				7CE1AA7817E154F600D079FE /* window.c */,
				7C17EE5112BAD553007B72A6 /* stb_image.c */,
				7C83FEC915730D2B007D5B80 /* stb_vorbis.c */,
			);
			name = "Other Sources";
			sourceTree = "<group>";
		};
		29B97317FDCFA39411CA2CEA /* Resources */ = {
			isa = PBXGroup;
			children = (
				7CD5046C165B1A60009581D7 /* external */,
				7CD5046D165B1A60009581D7 /* internal */,
				7CACF8E612B5D1AF002E52F2 /* data */,
				8D1107310486CEB800E47090 /* CerberusGame-Info.plist */,
				089C165CFE840E0CC02AAC07 /* InfoPlist.strings */,
			);
			name = Resources;
			sourceTree = "<group>";
		};
		29B97323FDCFA39411CA2CEA /* Frameworks */ = {
			isa = PBXGroup;
			children = (
				5BD341461F2F293200608B7B /* libcurl.a */,
				7C8AF372199985960016C22B /* CoreVideo.framework */,
				7CDF25451602B81600B598F3 /* IOKit.framework */,
				1058C7A0FEA54F0111CA2CBB /* Linked Frameworks */,
				1058C7A2FEA54F0111CA2CBB /* Other Frameworks */,
				7C8DB52E12AF2C210090FC6E /* OpenGL.framework */,
				7CACF7FB12B5BBD4002E52F2 /* OpenAL.framework */,
			);
			name = Frameworks;
			sourceTree = "<group>";
		};
/* End PBXGroup section */

/* Begin PBXNativeTarget section */
		8D1107260486CEB800E47090 /* CerberusGame */ = {
			isa = PBXNativeTarget;
			buildConfigurationList = C01FCF4A08A954540054247B /* Build configuration list for PBXNativeTarget "CerberusGame" */;
			buildPhases = (
				8D1107290486CEB800E47090 /* Resources */,
				8D11072C0486CEB800E47090 /* Sources */,
				8D11072E0486CEB800E47090 /* Frameworks */,
			);
			buildRules = (
			);
			dependencies = (
			);
			name = CerberusGame;
			productInstallPath = "$(HOME)/Applications";
			productName = CerberusGame;
			productReference = 8D1107320486CEB800E47090 /* CerberusGame.app */;
			productType = "com.apple.product-type.application";
		};
/* End PBXNativeTarget section */

/* Begin PBXProject section */
		29B97313FDCFA39411CA2CEA /* Project object */ = {
			isa = PBXProject;
			attributes = {
				LastUpgradeCheck = 0460;
			};
			buildConfigurationList = C01FCF4E08A954540054247B /* Build configuration list for PBXProject "CerberusGame" */;
			compatibilityVersion = "Xcode 3.2";
			developmentRegion = English;
			hasScannedForEncodings = 1;
			knownRegions = (
				English,
				Japanese,
				French,
				German,
			);
			mainGroup = 29B97314FDCFA39411CA2CEA /* CerberusGame */;
			projectDirPath = "";
			projectRoot = "";
			targets = (
				8D1107260486CEB800E47090 /* CerberusGame */,
			);
		};
/* End PBXProject section */

/* Begin PBXResourcesBuildPhase section */
		8D1107290486CEB800E47090 /* Resources */ = {
			isa = PBXResourcesBuildPhase;
			buildActionMask = 2147483647;
			files = (
				8D11072B0486CEB800E47090 /* InfoPlist.strings in Resources */,
				7CACF8E812B5D1AF002E52F2 /* data in Resources */,
				7CD5046E165B1A60009581D7 /* external in Resources */,
				5B9A66EA1F2F246600EF062C /* include in Resources */,
				7CD5046F165B1A60009581D7 /* internal in Resources */,
			);
			runOnlyForDeploymentPostprocessing = 0;
		};
/* End PBXResourcesBuildPhase section */

/* Begin PBXSourcesBuildPhase section */
		8D11072C0486CEB800E47090 /* Sources */ = {
			isa = PBXSourcesBuildPhase;
			buildActionMask = 2147483647;
			files = (
				5B5444E51F0BC72800A09B8D /* osmesa_context.c in Sources */,
				5B5444E41F0BC72800A09B8D /* egl_context.c in Sources */,
				5B5444E31F0BC72800A09B8D /* cocoa_time.c in Sources */,
				7C17EE5212BAD553007B72A6 /* stb_image.c in Sources */,
				7C83FECA15730D2B007D5B80 /* stb_vorbis.c in Sources */,
				5B5444F01F0BC88300A09B8D /* posix_thread.c in Sources */,
				7CCA8A3F1B1A8672003926E3 /* main.mm in Sources */,
				7CE1AA7B17E154F600D079FE /* cocoa_init.m in Sources */,
				7CE1AA7D17E154F600D079FE /* cocoa_monitor.m in Sources */,
				7CE1AA7F17E154F600D079FE /* cocoa_window.m in Sources */,
				7CE1AA8017E154F600D079FE /* context.c in Sources */,
				7CE1AA8217E154F600D079FE /* init.c in Sources */,
				7CE1AA8317E154F600D079FE /* input.c in Sources */,
				5B5444E81F0BC72800A09B8D /* vulkan.c in Sources */,
				7CE1AA8517E154F600D079FE /* monitor.c in Sources */,
				7CE1AA8617E154F600D079FE /* nsgl_context.m in Sources */,
				7CE1AA8817E154F600D079FE /* window.c in Sources */,
				5B5444E21F0BC72800A09B8D /* cocoa_joystick.m in Sources */,
			);
			runOnlyForDeploymentPostprocessing = 0;
		};
/* End PBXSourcesBuildPhase section */

/* Begin PBXVariantGroup section */
		089C165CFE840E0CC02AAC07 /* InfoPlist.strings */ = {
			isa = PBXVariantGroup;
			children = (
				089C165DFE840E0CC02AAC07 /* English */,
			);
			name = InfoPlist.strings;
			sourceTree = "<group>";
		};
/* End PBXVariantGroup section */

/* Begin XCBuildConfiguration section */
		C01FCF4B08A954540054247B /* Debug */ = {
			isa = XCBuildConfiguration;
			buildSettings = {
				ALWAYS_SEARCH_USER_PATHS = NO;
				COMBINE_HIDPI_IMAGES = YES;
				COPY_PHASE_STRIP = NO;
				GCC_DYNAMIC_NO_PIC = NO;
				GCC_MODEL_TUNING = G5;
				GCC_OPTIMIZATION_LEVEL = 0;
				GCC_PRECOMPILE_PREFIX_HEADER = YES;
				GCC_PREFIX_HEADER = CerberusGame_Prefix.pch;
				GCC_VERSION = "";
				HEADER_SEARCH_PATHS = (
					../glfw3/include,
					../openal/include,
					../stb,
				);
				INFOPLIST_FILE = "CerberusGame-Info.plist";
				INSTALL_PATH = "$(HOME)/Applications";
				MACOSX_DEPLOYMENT_TARGET = 10.6;
				OTHER_CFLAGS = "-Wno-logical-op-parentheses";
				PRODUCT_NAME = CerberusGame;
				SDKROOT = macosx;
			};
			name = Debug;
		};
		C01FCF4C08A954540054247B /* Release */ = {
			isa = XCBuildConfiguration;
			buildSettings = {
				ALWAYS_SEARCH_USER_PATHS = NO;
				COMBINE_HIDPI_IMAGES = YES;
				DEBUG_INFORMATION_FORMAT = "dwarf-with-dsym";
				GCC_MODEL_TUNING = G5;
				GCC_PRECOMPILE_PREFIX_HEADER = YES;
				GCC_PREFIX_HEADER = CerberusGame_Prefix.pch;
				GCC_VERSION = "";
				HEADER_SEARCH_PATHS = (
					../glfw3/include,
					../openal/include,
					../stb,
				);
				INFOPLIST_FILE = "CerberusGame-Info.plist";
				INSTALL_PATH = "$(HOME)/Applications";
				MACOSX_DEPLOYMENT_TARGET = 10.6;
				OTHER_CFLAGS = "-Wno-logical-op-parentheses";
				PRODUCT_NAME = CerberusGame;
				SDKROOT = macosx;
			};
			name = Release;
		};
		C01FCF4F08A954540054247B /* Debug */ = {
			isa = XCBuildConfiguration;
			buildSettings = {
				ARCHS = "$(ARCHS_STANDARD_32_64_BIT)";
				GCC_C_LANGUAGE_STANDARD = gnu99;
				GCC_OPTIMIZATION_LEVEL = 0;
				GCC_VERSION = com.apple.compilers.llvmgcc42;
				GCC_WARN_ABOUT_RETURN_TYPE = YES;
				GCC_WARN_UNUSED_VARIABLE = YES;
				HEADER_SEARCH_PATHS = (
					../glfw/include,
					../glfw/lib,
					../openal/include,
					../glfw/lib/cocoa,
					../stb,
				);
				ONLY_ACTIVE_ARCH = YES;
				PRECOMPS_INCLUDE_HEADERS_FROM_BUILT_PRODUCTS_DIR = NO;
				SDKROOT = "";
			};
			name = Debug;
		};
		C01FCF5008A954540054247B /* Release */ = {
			isa = XCBuildConfiguration;
			buildSettings = {
				ARCHS = "$(ARCHS_STANDARD_32_64_BIT)";
				GCC_C_LANGUAGE_STANDARD = gnu99;
				GCC_VERSION = com.apple.compilers.llvmgcc42;
				GCC_WARN_ABOUT_RETURN_TYPE = YES;
				GCC_WARN_UNUSED_VARIABLE = YES;
				HEADER_SEARCH_PATHS = (
					../glfw/include,
					../glfw/lib,
					../openal/include,
					../glfw/lib/cocoa,
					../stb,
				);
				PRECOMPS_INCLUDE_HEADERS_FROM_BUILT_PRODUCTS_DIR = NO;
				SDKROOT = "";
			};
			name = Release;
		};
/* End XCBuildConfiguration section */

/* Begin XCConfigurationList section */
		C01FCF4A08A954540054247B /* Build configuration list for PBXNativeTarget "CerberusGame" */ = {
			isa = XCConfigurationList;
			buildConfigurations = (
				C01FCF4B08A954540054247B /* Debug */,
				C01FCF4C08A954540054247B /* Release */,
			);
			defaultConfigurationIsVisible = 0;
			defaultConfigurationName = Release;
		};
		C01FCF4E08A954540054247B /* Build configuration list for PBXProject "CerberusGame" */ = {
			isa = XCConfigurationList;
			buildConfigurations = (
				C01FCF4F08A954540054247B /* Debug */,
				C01FCF5008A954540054247B /* Release */,
			);
			defaultConfigurationIsVisible = 0;
			defaultConfigurationName = Release;
		};
/* End XCConfigurationList section */
	};
	rootObject = 29B97313FDCFA39411CA2CEA /* Project object */;
}
